
Microsoft Visual Studio Solution File, Format Version 12.00
# Visual Studio Version 17
VisualStudioVersion = 17.1.31911.260
MinimumVisualStudioVersion = 10.0.40219.1
Project("{FAE04EC0-301F-11D3-BF4B-00C04F79EFBC}") = "DiscordMgmt", "DiscordMgmt\DiscordMgmt.csproj", "{F6F4C9E9-7F64-4C1A-A0CB-6DF6381431BA}"
EndProject
Global
	GlobalSection(SolutionConfigurationPlatforms) = preSolution
		Debug|Any CPU = Debug|Any CPU
		Release|Any CPU = Release|Any CPU
	EndGlobalSection
	GlobalSection(ProjectConfigurationPlatforms) = postSolution
		{F6F4C9E9-7F64-4C1A-A0CB-6DF6381431BA}.Debug|Any CPU.ActiveCfg = Debug|Any CPU
		{F6F4C9E9-7F64-4C1A-A0CB-6DF6381431BA}.Debug|Any CPU.Build.0 = Debug|Any CPU
		{F6F4C9E9-7F64-4C1A-A0CB-6DF6381431BA}.Release|Any CPU.ActiveCfg = Release|Any CPU
		{F6F4C9E9-7F64-4C1A-A0CB-6DF6381431BA}.Release|Any CPU.Build.0 = Release|Any CPU
	EndGlobalSection
	GlobalSection(SolutionProperties) = preSolution
		HideSolutionNode = FALSE
	EndGlobalSection
	GlobalSection(ExtensibilityGlobals) = postSolution
		SolutionGuid = {1303FC24-D2F7-458C-814A-0A14E88DE6EC}
	EndGlobalSection
EndGlobal
